# THIS IS AN AUTOGENERATED FILE. DO NOT EDIT THIS FILE DIRECTLY.
# yarn lockfile v1


"@types/lodash.set@^4.3.6":
  version "4.3.6"
  resolved "https://registry.npmjs.org/@types/lodash.set/-/lodash.set-4.3.6.tgz#33e635c2323f855359225df6a5c8c6f1f1908264"
  integrity sha512-ZeGDDlnRYTvS31Laij0RsSaguIUSBTYIlJFKL3vm3T2OAZAQj2YpSvVWJc0WiG4jqg9fGX6PAPGvDqBcHfSgFg==
  dependencies:
    "@types/lodash" "*"

"@types/lodash@*":
  version "4.14.161"
  resolved "https://registry.npmjs.org/@types/lodash/-/lodash-4.14.161.tgz#a21ca0777dabc6e4f44f3d07f37b765f54188b18"
  integrity sha512-EP6O3Jkr7bXvZZSZYlsgt5DIjiGr0dXP1/jVEwVLTFgg0d+3lWVQkRavYVQszV7dYUwvg0B8R0MBDpcmXg7XIA==

axios-retry@^3.1.8:
  version "3.1.8"
  resolved "https://registry.npmjs.org/axios-retry/-/axios-retry-3.1.8.tgz#ffcfed757e1fab8cbf832f8505bb0e0af47c520c"
  integrity sha512-yPw5Y4Bg6Dgmhm35KaJFtlh23s1TecW0HsUerK4/IS1UKl0gtN2aJqdEKtVomiOS/bDo5w4P3sqgki/M10eF8Q==
  dependencies:
    is-retry-allowed "^1.1.0"

axios@^0.20.0:
  version "0.20.0"
  resolved "https://registry.npmjs.org/axios/-/axios-0.20.0.tgz#057ba30f04884694993a8cd07fa394cff11c50bd"
  integrity sha512-ANA4rr2BDcmmAQLOKft2fufrtuvlqR+cXNNinUmvfeSNCOF98PZL+7M/v1zIdGo7OLjEA9J2gXJL+j4zGsl0bA==
  dependencies:
    follow-redirects "^1.10.0"

follow-redirects@^1.10.0:
  version "1.13.0"
  resolved "https://registry.npmjs.org/follow-redirects/-/follow-redirects-1.13.0.tgz#b42e8d93a2a7eea5ed88633676d6597bc8e384db"
  integrity sha512-aq6gF1BEKje4a9i9+5jimNFIpq4Q1WiwBToeRK5NvZBd/TRsmW8BsJfOEGkr76TbOyPVD3OVDN910EcUNtRYEA==

is-retry-allowed@^1.1.0:
  version "1.2.0"
  resolved "https://registry.npmjs.org/is-retry-allowed/-/is-retry-allowed-1.2.0.tgz#d778488bd0a4666a3be8a1482b9f2baafedea8b4"
  integrity sha512-RUbUeKwvm3XG2VYamhJL1xFktgjvPzL0Hq8C+6yrWIswDy3BIXGqCxhxkc30N9jqK311gVU137K8Ei55/zVJRg==

typescript@^4.0.2:
  version "4.0.2"
  resolved "https://registry.npmjs.org/typescript/-/typescript-4.0.2.tgz#7ea7c88777c723c681e33bf7988be5d008d05ac2"
  integrity sha512-e4ERvRV2wb+rRZ/IQeb3jm2VxBsirQLpQhdxplZ2MEzGvDkkMmPglecnNDfSUBivMjP93vRbngYYDQqQ/78bcQ==
